{
  "name": "fixia-monorepo",
  "version": "1.0.0",
  "lockfileVersion": 3,
  "requires": true,
  "packages": {
    "": {
      "name": "fixia-monorepo",
      "version": "1.0.0",
      "dependencies": {
        "@tanstack/react-query": "^5.90.10"
      },
      "engines": {
        "node": "20.x"
      }
    },
    "apps/api": {
      "name": "@fixia/api",
      "version": "1.0.0",
      "extraneous": true,
      "dependencies": {
        "@fixia/types": "file:../../packages/types",
        "@nestjs/common": "^10.0.0",
        "@nestjs/config": "^3.0.0",
        "@nestjs/core": "^10.0.0",
        "@nestjs/jwt": "^10.1.0",
        "@nestjs/passport": "^10.0.0",
        "@nestjs/platform-express": "^10.0.0",
        "@nestjs/platform-socket.io": "^10.1.3",
        "@nestjs/swagger": "^7.1.0",
        "@nestjs/throttler": "^5.0.0",
        "@nestjs/websockets": "^10.1.3",
        "@prisma/client": "^5.2.0",
        "@sendgrid/mail": "^8.1.6",
        "@types/cookie-parser": "^1.4.9",
        "@types/multer": "^2.0.0",
        "@types/nodemailer": "^7.0.1",
        "@types/streamifier": "^0.1.2",
        "bcryptjs": "^2.4.3",
        "class-transformer": "^0.5.1",
        "class-validator": "^0.14.0",
        "cloudinary": "^2.7.0",
        "cookie-parser": "^1.4.7",
        "csurf": "^1.11.0",
        "express": "^4.18.2",
        "handlebars": "^4.7.8",
        "helmet": "^8.1.0",
        "mercadopago": "^2.9.0",
        "multer": "^2.0.2",
        "nodemailer": "^7.0.5",
        "passport": "^0.6.0",
        "passport-jwt": "^4.0.1",
        "passport-local": "^1.0.0",
        "reflect-metadata": "^0.1.13",
        "resend": "^6.0.1",
        "rxjs": "^7.8.1",
        "socket.io": "^4.7.2",
        "streamifier": "^0.1.1"
      },
      "devDependencies": {
        "@nestjs/cli": "^11.0.10",
        "@nestjs/schematics": "^10.0.0",
        "@nestjs/testing": "^10.0.0",
        "@types/bcryptjs": "^2.4.2",
        "@types/express": "^4.17.17",
        "@types/handlebars": "^4.1.0",
        "@types/jest": "^29.5.2",
        "@types/node": "^20.3.1",
        "@types/passport-jwt": "^3.0.9",
        "@types/passport-local": "^1.0.35",
        "@types/supertest": "^2.0.12",
        "@typescript-eslint/eslint-plugin": "^6.0.0",
        "@typescript-eslint/parser": "^6.0.0",
        "eslint": "^8.42.0",
        "eslint-config-prettier": "^9.0.0",
        "eslint-plugin-prettier": "^5.0.0",
        "jest": "^29.5.0",
        "prettier": "^3.0.0",
        "prisma": "^5.22.0",
        "source-map-support": "^0.5.21",
        "supertest": "^6.3.3",
        "ts-jest": "^29.1.0",
        "ts-loader": "^9.4.3",
        "ts-node": "^10.9.2",
        "tsconfig-paths": "^4.2.0",
        "typescript": "^5.9.2"
      }
    },
    "apps/web": {
      "name": "@fixia/web",
      "version": "0.1.0",
      "extraneous": true,
      "dependencies": {
        "@mercadopago/sdk-js": "^0.0.3",
        "@radix-ui/react-accordion": "^1.2.3",
        "@radix-ui/react-alert-dialog": "*",
        "@radix-ui/react-aspect-ratio": "^1.1.2",
        "@radix-ui/react-avatar": "^1.1.3",
        "@radix-ui/react-checkbox": "^1.1.4",
        "@radix-ui/react-collapsible": "^1.1.3",
        "@radix-ui/react-context-menu": "^2.2.6",
        "@radix-ui/react-dialog": "*",
        "@radix-ui/react-dropdown-menu": "^2.1.6",
        "@radix-ui/react-hover-card": "^1.1.6",
        "@radix-ui/react-label": "^2.1.2",
        "@radix-ui/react-menubar": "^1.1.6",
        "@radix-ui/react-navigation-menu": "^1.2.5",
        "@radix-ui/react-popover": "*",
        "@radix-ui/react-progress": "^1.1.2",
        "@radix-ui/react-radio-group": "^1.2.3",
        "@radix-ui/react-scroll-area": "^1.2.3",
        "@radix-ui/react-select": "*",
        "@radix-ui/react-separator": "^1.1.2",
        "@radix-ui/react-slider": "^1.2.3",
        "@radix-ui/react-slot": "^1.1.2",
        "@radix-ui/react-switch": "^1.1.3",
        "@radix-ui/react-tabs": "^1.1.3",
        "@radix-ui/react-toggle": "^1.1.2",
        "@radix-ui/react-toggle-group": "^1.1.2",
        "@radix-ui/react-tooltip": "^1.1.8",
        "@types/dompurify": "^3.0.5",
        "@vitejs/plugin-react-swc": "^3.10.2",
        "autoprefixer": "^10.4.0",
        "axios": "^1.11.0",
        "class-variance-authority": "^0.7.1",
        "clsx": "*",
        "cmdk": "^1.1.1",
        "dompurify": "^3.2.6",
        "embla-carousel-react": "^8.6.0",
        "input-otp": "^1.4.2",
        "lucide-react": "^0.487.0",
        "motion": "*",
        "next-themes": "^0.4.6",
        "postcss": "^8.4.0",
        "react": "^18.3.1",
        "react-day-picker": "^8.10.1",
        "react-dom": "^18.3.1",
        "react-hook-form": "^7.55.0",
        "react-resizable-panels": "^2.1.7",
        "react-router-dom": "*",
        "recharts": "^2.15.2",
        "socket.io-client": "^4.8.1",
        "sonner": "^2.0.3",
        "tailwind-merge": "*",
        "tailwindcss": "^3.4.0",
        "vaul": "*",
        "vite": "^5.4.19"
      },
      "devDependencies": {
        "@testing-library/jest-dom": "^6.8.0",
        "@testing-library/react": "^16.3.0",
        "@testing-library/user-event": "^14.6.1",
        "@types/jest": "^30.0.0",
        "@types/node": "^20.10.0",
        "@types/node-fetch": "^2.6.13",
        "@types/react": "^18.3.1",
        "@types/react-dom": "^18.3.1",
        "@typescript-eslint/eslint-plugin": "^8.41.0",
        "@typescript-eslint/parser": "^8.41.0",
        "eslint": "^8.57.1",
        "eslint-plugin-jsx-a11y": "^6.10.2",
        "eslint-plugin-react": "^7.37.5",
        "eslint-plugin-react-hooks": "^5.2.0",
        "jest": "^30.0.5",
        "jest-environment-jsdom": "^30.0.5",
        "msw": "^2.10.5",
        "node-fetch": "^2.7.0",
        "terser": "^5.19.2",
        "ts-jest": "^29.4.1",
        "typescript": "^5.3.0"
      }
    },
    "node_modules/@tanstack/query-core": {
      "version": "5.90.10",
      "resolved": "https://registry.npmjs.org/@tanstack/query-core/-/query-core-5.90.10.tgz",
      "integrity": "sha512-EhZVFu9rl7GfRNuJLJ3Y7wtbTnENsvzp+YpcAV7kCYiXni1v8qZh++lpw4ch4rrwC0u/EZRnBHIehzCGzwXDSQ==",
      "license": "MIT",
      "funding": {
        "type": "github",
        "url": "https://github.com/sponsors/tannerlinsley"
      }
    },
    "node_modules/@tanstack/react-query": {
      "version": "5.90.10",
      "resolved": "https://registry.npmjs.org/@tanstack/react-query/-/react-query-5.90.10.tgz",
      "integrity": "sha512-BKLss9Y8PQ9IUjPYQiv3/Zmlx92uxffUOX8ZZNoQlCIZBJPT5M+GOMQj7xislvVQ6l1BstBjcX0XB/aHfFYVNw==",
      "license": "MIT",
      "dependencies": {
        "@tanstack/query-core": "5.90.10"
      },
      "funding": {
        "type": "github",
        "url": "https://github.com/sponsors/tannerlinsley"
      },
      "peerDependencies": {
        "react": "^18 || ^19"
      }
    },
    "node_modules/js-tokens": {
      "version": "4.0.0",
      "resolved": "https://registry.npmjs.org/js-tokens/-/js-tokens-4.0.0.tgz",
      "integrity": "sha512-RdJUflcE3cUzKiMqQgsCu06FPu9UdIJO0beYbPhHN4k6apgJtifcoCtT9bcxOpYBtpD2kCM6Sbzg4CausW/PKQ==",
      "license": "MIT",
      "peer": true
    },
    "node_modules/loose-envify": {
      "version": "1.4.0",
      "resolved": "https://registry.npmjs.org/loose-envify/-/loose-envify-1.4.0.tgz",
      "integrity": "sha512-lyuxPGr/Wfhrlem2CL/UcnUc1zcqKAImBDzukY7Y5F/yQiNdko6+fRLevlw1HgMySw7f611UIY408EtxRSoK3Q==",
      "license": "MIT",
      "peer": true,
      "dependencies": {
        "js-tokens": "^3.0.0 || ^4.0.0"
      },
      "bin": {
        "loose-envify": "cli.js"
      }
    },
    "node_modules/react": {
      "version": "18.3.1",
      "resolved": "https://registry.npmjs.org/react/-/react-18.3.1.tgz",
      "integrity": "sha512-wS+hAgJShR0KhEvPJArfuPVN1+Hz1t0Y6n5jLrGQbkb4urgPE/0Rve+1kMB1v/oWgHgm4WIcV+i7F2pTVj+2iQ==",
      "license": "MIT",
      "peer": true,
      "dependencies": {
        "loose-envify": "^1.1.0"
      },
      "engines": {
        "node": ">=0.10.0"
      }
    },
    "packages/config": {
      "name": "@fixia/config",
      "version": "0.1.0",
      "extraneous": true,
      "devDependencies": {
        "typescript": "^5.3.0"
      }
    },
    "packages/types": {
      "name": "@fixia/types",
      "version": "0.1.0",
      "extraneous": true,
      "devDependencies": {
        "typescript": "^5.0.0"
      }
    },
    "packages/ui": {
      "name": "@fixia/ui",
      "version": "0.1.0",
      "extraneous": true,
      "devDependencies": {},
      "peerDependencies": {
        "react": "^18.3.1",
        "react-dom": "^18.3.1"
      }
    }
  }
}
